
Microsoft Visual Studio Solution File, Format Version 12.00
# Visual Studio 15
VisualStudioVersion = 15.0.27703.2035
MinimumVisualStudioVersion = 10.0.40219.1
Project("{FAE04EC0-301F-11D3-BF4B-00C04F79EFBC}") = "crud_mvc_net", "crud_mvc_net\crud_mvc_net.csproj", "{350CB717-F01F-4FFB-8E62-864E46B3018E}"
EndProject
Global
	GlobalSection(SolutionConfigurationPlatforms) = preSolution
		Debug|Any CPU = Debug|Any CPU
		Release|Any CPU = Release|Any CPU
	EndGlobalSection
	GlobalSection(ProjectConfigurationPlatforms) = postSolution
		{350CB717-F01F-4FFB-8E62-864E46B3018E}.Debug|Any CPU.ActiveCfg = Debug|Any CPU
		{350CB717-F01F-4FFB-8E62-864E46B3018E}.Debug|Any CPU.Build.0 = Debug|Any CPU
		{350CB717-F01F-4FFB-8E62-864E46B3018E}.Release|Any CPU.ActiveCfg = Release|Any CPU
		{350CB717-F01F-4FFB-8E62-864E46B3018E}.Release|Any CPU.Build.0 = Release|Any CPU
	EndGlobalSection
	GlobalSection(SolutionProperties) = preSolution
		HideSolutionNode = FALSE
	EndGlobalSection
	GlobalSection(ExtensibilityGlobals) = postSolution
		SolutionGuid = {C1E22B22-15E8-4919-9630-E1B2373C90CC}
	EndGlobalSection
EndGlobal
